
Microsoft Visual Studio Solution File, Format Version 12.00
# Visual Studio Version 17
VisualStudioVersion = 17.11.35219.272
MinimumVisualStudioVersion = 10.0.40219.1
Project("{FAE04EC0-301F-11D3-BF4B-00C04F79EFBC}") = "Basalt.Framework.Networking", "Basalt.Framework.Networking\Basalt.Framework.Networking.csproj", "{D79CF853-AC59-4FBF-8E9B-FE788294E5DF}"
EndProject
Global
	GlobalSection(SolutionConfigurationPlatforms) = preSolution
		Debug|Any CPU = Debug|Any CPU
		Release|Any CPU = Release|Any CPU
	EndGlobalSection
	GlobalSection(ProjectConfigurationPlatforms) = postSolution
		{D79CF853-AC59-4FBF-8E9B-FE788294E5DF}.Debug|Any CPU.ActiveCfg = Debug|Any CPU
		{D79CF853-AC59-4FBF-8E9B-FE788294E5DF}.Debug|Any CPU.Build.0 = Debug|Any CPU
		{D79CF853-AC59-4FBF-8E9B-FE788294E5DF}.Release|Any CPU.ActiveCfg = Release|Any CPU
		{D79CF853-AC59-4FBF-8E9B-FE788294E5DF}.Release|Any CPU.Build.0 = Release|Any CPU
	EndGlobalSection
	GlobalSection(SolutionProperties) = preSolution
		HideSolutionNode = FALSE
	EndGlobalSection
	GlobalSection(ExtensibilityGlobals) = postSolution
		SolutionGuid = {77E66165-E542-4D48-B146-67CAAD03663A}
	EndGlobalSection
EndGlobal
